
Microsoft Visual Studio Solution File, Format Version 12.00
# Visual Studio Version 16
VisualStudioVersion = 16.0.32630.194
MinimumVisualStudioVersion = 10.0.40219.1
Project("{FAE04EC0-301F-11D3-BF4B-00C04F79EFBC}") = "Iteration-Assigment", "Iteration-Assigment\Iteration-Assigment.csproj", "{8608FEF3-567A-4B3A-B97E-62F82FD45B79}"
EndProject
Global
	GlobalSection(SolutionConfigurationPlatforms) = preSolution
		Debug|Any CPU = Debug|Any CPU
		Release|Any CPU = Release|Any CPU
	EndGlobalSection
	GlobalSection(ProjectConfigurationPlatforms) = postSolution
		{8608FEF3-567A-4B3A-B97E-62F82FD45B79}.Debug|Any CPU.ActiveCfg = Debug|Any CPU
		{8608FEF3-567A-4B3A-B97E-62F82FD45B79}.Debug|Any CPU.Build.0 = Debug|Any CPU
		{8608FEF3-567A-4B3A-B97E-62F82FD45B79}.Release|Any CPU.ActiveCfg = Release|Any CPU
		{8608FEF3-567A-4B3A-B97E-62F82FD45B79}.Release|Any CPU.Build.0 = Release|Any CPU
	EndGlobalSection
	GlobalSection(SolutionProperties) = preSolution
		HideSolutionNode = FALSE
	EndGlobalSection
	GlobalSection(ExtensibilityGlobals) = postSolution
		SolutionGuid = {1C2C91B2-1930-41A9-8981-2367E7CE5C7B}
	EndGlobalSection
EndGlobal
